
Microsoft Visual Studio Solution File, Format Version 12.00
# Visual Studio Version 17
VisualStudioVersion = 17.5.33516.290
MinimumVisualStudioVersion = 10.0.40219.1
Project("{FAE04EC0-301F-11D3-BF4B-00C04F79EFBC}") = "BikeShopREST", "BikeShopREST\BikeShopREST.csproj", "{02AA0FC3-51A8-4DDB-B5EC-CE83748DD594}"
EndProject
Global
	GlobalSection(SolutionConfigurationPlatforms) = preSolution
		Debug|Any CPU = Debug|Any CPU
		Release|Any CPU = Release|Any CPU
	EndGlobalSection
	GlobalSection(ProjectConfigurationPlatforms) = postSolution
		{02AA0FC3-51A8-4DDB-B5EC-CE83748DD594}.Debug|Any CPU.ActiveCfg = Debug|Any CPU
		{02AA0FC3-51A8-4DDB-B5EC-CE83748DD594}.Debug|Any CPU.Build.0 = Debug|Any CPU
		{02AA0FC3-51A8-4DDB-B5EC-CE83748DD594}.Release|Any CPU.ActiveCfg = Release|Any CPU
		{02AA0FC3-51A8-4DDB-B5EC-CE83748DD594}.Release|Any CPU.Build.0 = Release|Any CPU
	EndGlobalSection
	GlobalSection(SolutionProperties) = preSolution
		HideSolutionNode = FALSE
	EndGlobalSection
	GlobalSection(ExtensibilityGlobals) = postSolution
		SolutionGuid = {C88B5B87-C157-444E-84AA-6158A9188858}
	EndGlobalSection
EndGlobal
